
Microsoft Visual Studio Solution File, Format Version 12.00
# Visual Studio Version 17
VisualStudioVersion = 17.8.34330.188
MinimumVisualStudioVersion = 10.0.40219.1
Project("{9A19103F-16F7-4668-BE54-9A1E7A4F7556}") = "ggmeet", "ggmeet.csproj", "{4DC750FF-0EF8-4F37-8307-CDDF8666B82B}"
EndProject
Global
	GlobalSection(SolutionConfigurationPlatforms) = preSolution
		Debug|Any CPU = Debug|Any CPU
		Release|Any CPU = Release|Any CPU
	EndGlobalSection
	GlobalSection(ProjectConfigurationPlatforms) = postSolution
		{4DC750FF-0EF8-4F37-8307-CDDF8666B82B}.Debug|Any CPU.ActiveCfg = Debug|Any CPU
		{4DC750FF-0EF8-4F37-8307-CDDF8666B82B}.Debug|Any CPU.Build.0 = Debug|Any CPU
		{4DC750FF-0EF8-4F37-8307-CDDF8666B82B}.Release|Any CPU.ActiveCfg = Release|Any CPU
		{4DC750FF-0EF8-4F37-8307-CDDF8666B82B}.Release|Any CPU.Build.0 = Release|Any CPU
	EndGlobalSection
	GlobalSection(SolutionProperties) = preSolution
		HideSolutionNode = FALSE
	EndGlobalSection
	GlobalSection(ExtensibilityGlobals) = postSolution
		SolutionGuid = {2054EE34-D920-409E-A454-41E038E40B67}
	EndGlobalSection
EndGlobal
